{
  "name": "accessibility-checker",
  "version": "0.0.1",
  "lockfileVersion": 1,
  "requires": true,
  "dependencies": {
    "@axe-core/playwright": {
      "version": "4.4.5",
      "resolved": "https://registry.npmjs.org/@axe-core/playwright/-/playwright-4.4.5.tgz",
      "integrity": "sha512-oyh8TuAjPc6GIut3E+BiJU19jAEuzhf1ZMB7nrJqfGWsU6kWP0ymRwuj6TX3JJTT5mL3m+yFhph5RhCr/MkQ1g==",
      "requires": {
        "axe-core": "^4.4.3"
      }
    },
    "@playwright/test": {
      "version": "1.27.1",
      "resolved": "https://registry.npmjs.org/@playwright/test/-/test-1.27.1.tgz",
      "integrity": "sha512-mrL2q0an/7tVqniQQF6RBL2saskjljXzqNcCOVMUjRIgE6Y38nCNaP+Dc2FBW06bcpD3tqIws/HT9qiMHbNU0A==",
      "dev": true,
      "requires": {
        "@types/node": "*",
        "playwright-core": "1.27.1"
      },
      "dependencies": {
        "playwright-core": {
          "version": "1.27.1",
          "resolved": "https://registry.npmjs.org/playwright-core/-/playwright-core-1.27.1.tgz",
          "integrity": "sha512-9EmeXDncC2Pmp/z+teoVYlvmPWUC6ejSSYZUln7YaP89Z6lpAaiaAnqroUt/BoLo8tn7WYShcfaCh+xofZa44Q==",
          "dev": true
        }
      }
    },
    "@types/node": {
      "version": "18.11.5",
      "resolved": "https://registry.npmjs.org/@types/node/-/node-18.11.5.tgz",
      "integrity": "sha512-3JRwhbjI+cHLAkUorhf8RnqUbFXajvzX4q6fMn5JwkgtuwfYtRQYI3u4V92vI6NJuTsbBQWWh3RZjFsuevyMGQ==",
      "dev": true
    },
    "axe-core": {
      "version": "4.5.0",
      "resolved": "https://registry.npmjs.org/axe-core/-/axe-core-4.5.0.tgz",
      "integrity": "sha512-4+rr8eQ7+XXS5nZrKcMO/AikHL0hVqy+lHWAnE3xdHl+aguag8SOQ6eEqLexwLNWgXIMfunGuD3ON1/6Kyet0A=="
    },
    "playwright": {
      "version": "1.27.1",
      "resolved": "https://registry.npmjs.org/playwright/-/playwright-1.27.1.tgz",
      "integrity": "sha512-xXYZ7m36yTtC+oFgqH0eTgullGztKSRMb4yuwLPl8IYSmgBM88QiB+3IWb1mRIC9/NNwcgbG0RwtFlg+EAFQHQ==",
      "requires": {
        "playwright-core": "1.27.1"
      },
      "dependencies": {
        "playwright-core": {
          "version": "1.27.1",
          "resolved": "https://registry.npmjs.org/playwright-core/-/playwright-core-1.27.1.tgz",
          "integrity": "sha512-9EmeXDncC2Pmp/z+teoVYlvmPWUC6ejSSYZUln7YaP89Z6lpAaiaAnqroUt/BoLo8tn7WYShcfaCh+xofZa44Q=="
        }
      }
    }
  }
}
